
Microsoft Visual Studio Solution File, Format Version 12.00
# Visual Studio Version 17
VisualStudioVersion = 17.14.36310.24 d17.14
MinimumVisualStudioVersion = 10.0.40219.1
Project("{FAE04EC0-301F-11D3-BF4B-00C04F79EFBC}") = "Fishing assistant", "Fishing assistant.csproj", "{15ADB5CB-5156-4A17-BDB7-F73514957EDD}"
EndProject
Global
	GlobalSection(SolutionConfigurationPlatforms) = preSolution
		Debug|Any CPU = Debug|Any CPU
		Release|Any CPU = Release|Any CPU
	EndGlobalSection
	GlobalSection(ProjectConfigurationPlatforms) = postSolution
		{15ADB5CB-5156-4A17-BDB7-F73514957EDD}.Debug|Any CPU.ActiveCfg = Debug|Any CPU
		{15ADB5CB-5156-4A17-BDB7-F73514957EDD}.Debug|Any CPU.Build.0 = Debug|Any CPU
		{15ADB5CB-5156-4A17-BDB7-F73514957EDD}.Release|Any CPU.ActiveCfg = Release|Any CPU
		{15ADB5CB-5156-4A17-BDB7-F73514957EDD}.Release|Any CPU.Build.0 = Release|Any CPU
	EndGlobalSection
	GlobalSection(SolutionProperties) = preSolution
		HideSolutionNode = FALSE
	EndGlobalSection
	GlobalSection(ExtensibilityGlobals) = postSolution
		SolutionGuid = {C113EE68-876E-48B8-818E-C302CC22D43E}
	EndGlobalSection
EndGlobal
